
Microsoft Visual Studio Solution File, Format Version 12.00
# Visual Studio Version 16
VisualStudioVersion = 16.0.30711.63
MinimumVisualStudioVersion = 10.0.40219.1
Project("{FAE04EC0-301F-11D3-BF4B-00C04F79EFBC}") = "RoverAPI", "RoverAPI\RoverAPI.csproj", "{561FCA7B-01C3-4342-ACBF-D6160AEFA0DF}"
EndProject
Project("{FAE04EC0-301F-11D3-BF4B-00C04F79EFBC}") = "RoverAPITests", "RoverAPITests\RoverAPITests.csproj", "{271DF8EB-9BAF-4515-BF00-006E30B73C5A}"
EndProject
Global
	GlobalSection(SolutionConfigurationPlatforms) = preSolution
		Debug|Any CPU = Debug|Any CPU
		Release|Any CPU = Release|Any CPU
	EndGlobalSection
	GlobalSection(ProjectConfigurationPlatforms) = postSolution
		{561FCA7B-01C3-4342-ACBF-D6160AEFA0DF}.Debug|Any CPU.ActiveCfg = Debug|Any CPU
		{561FCA7B-01C3-4342-ACBF-D6160AEFA0DF}.Debug|Any CPU.Build.0 = Debug|Any CPU
		{561FCA7B-01C3-4342-ACBF-D6160AEFA0DF}.Release|Any CPU.ActiveCfg = Release|Any CPU
		{561FCA7B-01C3-4342-ACBF-D6160AEFA0DF}.Release|Any CPU.Build.0 = Release|Any CPU
		{271DF8EB-9BAF-4515-BF00-006E30B73C5A}.Debug|Any CPU.ActiveCfg = Debug|Any CPU
		{271DF8EB-9BAF-4515-BF00-006E30B73C5A}.Debug|Any CPU.Build.0 = Debug|Any CPU
		{271DF8EB-9BAF-4515-BF00-006E30B73C5A}.Release|Any CPU.ActiveCfg = Release|Any CPU
		{271DF8EB-9BAF-4515-BF00-006E30B73C5A}.Release|Any CPU.Build.0 = Release|Any CPU
	EndGlobalSection
	GlobalSection(SolutionProperties) = preSolution
		HideSolutionNode = FALSE
	EndGlobalSection
	GlobalSection(ExtensibilityGlobals) = postSolution
		SolutionGuid = {834123A6-D21A-47DA-B42B-E081E13C7D98}
	EndGlobalSection
EndGlobal
